<?xml version="1.0"?>
<CONFIG>
  <ProjectOptions>
    <Version Value="9"/>
    <General>
      <SessionStorage Value="InProjectDir"/>
      <MainUnit Value="0"/>
      <Title Value="PlusAlpha"/>
      <ResourceType Value="res"/>
      <UseXPManifest Value="True"/>
      <Icon Value="0"/>
    </General>
    <i18n>
      <EnableI18N Value="True"/>
      <OutDir Value="i18n"/>
    </i18n>
    <VersionInfo>
      <StringTable ProductVersion=""/>
    </VersionInfo>
    <BuildModes Count="1">
      <Item1 Name="Default" Default="True"/>
    </BuildModes>
    <PublishOptions>
      <Version Value="2"/>
      <IncludeFileFilter Value="*.(pas|pp|inc|lfm|lpr|lrs|lpi|lpk|sh|xml)"/>
      <ExcludeFileFilter Value="*.(bak|ppu|o|so);*~;backup"/>
    </PublishOptions>
    <RunParams>
      <local>
        <FormatVersion Value="1"/>
      </local>
    </RunParams>
    <RequiredPackages Count="3">
      <Item1>
        <PackageName Value="SQLDBLaz"/>
      </Item1>
      <Item2>
        <PackageName Value="SDFLaz"/>
      </Item2>
      <Item3>
        <PackageName Value="LCL"/>
      </Item3>
    </RequiredPackages>
    <Units Count="13">
      <Unit0>
        <Filename Value="PlusAlpha.lpr"/>
        <IsPartOfProject Value="True"/>
        <UnitName Value="PlusAlpha"/>
      </Unit0>
      <Unit1>
        <Filename Value="pafrmmainunit.pas"/>
        <IsPartOfProject Value="True"/>
        <ComponentName Value="FormPlusAlphaMain"/>
        <HasResources Value="True"/>
        <ResourceBaseClass Value="Form"/>
        <UnitName Value="paFrmMainUnit"/>
      </Unit1>
      <Unit2>
        <Filename Value="libpa.pas"/>
        <IsPartOfProject Value="True"/>
        <UnitName Value="libpa"/>
      </Unit2>
      <Unit3>
        <Filename Value="padm.pas"/>
        <IsPartOfProject Value="True"/>
        <ComponentName Value="DataModule1"/>
        <HasResources Value="True"/>
        <ResourceBaseClass Value="DataModule"/>
        <UnitName Value="padm"/>
      </Unit3>
      <Unit4>
        <Filename Value="ledger.sdf"/>
        <IsPartOfProject Value="True"/>
      </Unit4>
      <Unit5>
        <Filename Value="frmtransactionunit.pas"/>
        <IsPartOfProject Value="True"/>
        <ComponentName Value="frmTransaction"/>
        <HasResources Value="True"/>
        <ResourceBaseClass Value="Form"/>
        <UnitName Value="frmTransactionUnit"/>
      </Unit5>
      <Unit6>
        <Filename Value="frmdebugunit.pas"/>
        <IsPartOfProject Value="True"/>
        <ComponentName Value="frmDebug"/>
        <HasResources Value="True"/>
        <ResourceBaseClass Value="Form"/>
        <UnitName Value="frmDebugUnit"/>
      </Unit6>
      <Unit7>
        <Filename Value="frmledgerunit.pas"/>
        <IsPartOfProject Value="True"/>
        <ComponentName Value="frmLedger"/>
        <HasResources Value="True"/>
        <ResourceBaseClass Value="Form"/>
        <UnitName Value="frmLedgerUnit"/>
      </Unit7>
      <Unit8>
        <Filename Value="paledger.pas"/>
        <IsPartOfProject Value="True"/>
        <UnitName Value="paLedger"/>
      </Unit8>
      <Unit9>
        <Filename Value="padatabase.pas"/>
        <IsPartOfProject Value="True"/>
        <UnitName Value="paDatabase"/>
      </Unit9>
      <Unit10>
        <Filename Value="pacalculator.pas"/>
        <IsPartOfProject Value="True"/>
        <UnitName Value="paCalculator"/>
      </Unit10>
      <Unit11>
        <Filename Value="pajournal.pas"/>
        <IsPartOfProject Value="True"/>
        <UnitName Value="paJournal"/>
      </Unit11>
      <Unit12>
        <Filename Value="patext.pas"/>
        <IsPartOfProject Value="True"/>
        <UnitName Value="paText"/>
      </Unit12>
    </Units>
  </ProjectOptions>
  <CompilerOptions>
    <Version Value="11"/>
    <Target>
      <Filename Value="PlusAlpha"/>
    </Target>
    <SearchPaths>
      <IncludeFiles Value="$(ProjOutDir)"/>
      <UnitOutputDirectory Value="lib/$(TargetCPU)-$(TargetOS)"/>
    </SearchPaths>
    <Linking>
      <Options>
        <Win32>
          <GraphicApplication Value="True"/>
        </Win32>
      </Options>
    </Linking>
    <Other>
      <CompilerMessages>
        <MsgFileName Value=""/>
      </CompilerMessages>
      <CompilerPath Value="$(CompPath)"/>
    </Other>
  </CompilerOptions>
  <Debugging>
    <Exceptions Count="3">
      <Item1>
        <Name Value="EAbort"/>
      </Item1>
      <Item2>
        <Name Value="ECodetoolError"/>
      </Item2>
      <Item3>
        <Name Value="EFOpenError"/>
      </Item3>
    </Exceptions>
  </Debugging>
</CONFIG>
